
Microsoft Visual Studio Solution File, Format Version 12.00
# Visual Studio 15
VisualStudioVersion = 15.0.27130.2036
MinimumVisualStudioVersion = 10.0.40219.1
Project("{FAE04EC0-301F-11D3-BF4B-00C04F79EFBC}") = "OOPsDriver", "OOPsDriver\OOPsDriver.csproj", "{AFCF0663-7E56-43F1-885D-19E1CA8C364F}"
EndProject
Global
	GlobalSection(SolutionConfigurationPlatforms) = preSolution
		Debug|Any CPU = Debug|Any CPU
		Debug|ARM = Debug|ARM
		Debug|x64 = Debug|x64
		Debug|x86 = Debug|x86
		Release|Any CPU = Release|Any CPU
		Release|ARM = Release|ARM
		Release|x64 = Release|x64
		Release|x86 = Release|x86
	EndGlobalSection
	GlobalSection(ProjectConfigurationPlatforms) = postSolution
		{AFCF0663-7E56-43F1-885D-19E1CA8C364F}.Debug|Any CPU.ActiveCfg = Debug|Any CPU
		{AFCF0663-7E56-43F1-885D-19E1CA8C364F}.Debug|Any CPU.Build.0 = Debug|Any CPU
		{AFCF0663-7E56-43F1-885D-19E1CA8C364F}.Debug|ARM.ActiveCfg = Debug|Any CPU
		{AFCF0663-7E56-43F1-885D-19E1CA8C364F}.Debug|ARM.Build.0 = Debug|Any CPU
		{AFCF0663-7E56-43F1-885D-19E1CA8C364F}.Debug|x64.ActiveCfg = Debug|Any CPU
		{AFCF0663-7E56-43F1-885D-19E1CA8C364F}.Debug|x64.Build.0 = Debug|Any CPU
		{AFCF0663-7E56-43F1-885D-19E1CA8C364F}.Debug|x86.ActiveCfg = Debug|Any CPU
		{AFCF0663-7E56-43F1-885D-19E1CA8C364F}.Debug|x86.Build.0 = Debug|Any CPU
		{AFCF0663-7E56-43F1-885D-19E1CA8C364F}.Release|Any CPU.ActiveCfg = Release|Any CPU
		{AFCF0663-7E56-43F1-885D-19E1CA8C364F}.Release|Any CPU.Build.0 = Release|Any CPU
		{AFCF0663-7E56-43F1-885D-19E1CA8C364F}.Release|ARM.ActiveCfg = Release|Any CPU
		{AFCF0663-7E56-43F1-885D-19E1CA8C364F}.Release|ARM.Build.0 = Release|Any CPU
		{AFCF0663-7E56-43F1-885D-19E1CA8C364F}.Release|x64.ActiveCfg = Release|Any CPU
		{AFCF0663-7E56-43F1-885D-19E1CA8C364F}.Release|x64.Build.0 = Release|Any CPU
		{AFCF0663-7E56-43F1-885D-19E1CA8C364F}.Release|x86.ActiveCfg = Release|Any CPU
		{AFCF0663-7E56-43F1-885D-19E1CA8C364F}.Release|x86.Build.0 = Release|Any CPU
	EndGlobalSection
	GlobalSection(SolutionProperties) = preSolution
		HideSolutionNode = FALSE
	EndGlobalSection
	GlobalSection(ExtensibilityGlobals) = postSolution
		SolutionGuid = {7A03FA7A-A78C-4DE6-8835-C0C1F56A1B6D}
	EndGlobalSection
EndGlobal
